
Microsoft Visual Studio Solution File, Format Version 12.00
# Visual Studio 2013
VisualStudioVersion = 12.0.21005.1
MinimumVisualStudioVersion = 10.0.40219.1
Project("{8BC9CEB8-8B4A-11D0-8D11-00A0C91BC942}") = "1.6.1", "1.6.1\1.6.1.vcxproj", "{67106EDC-2BB7-44B0-95B0-4184F5E66947}"
EndProject
Project("{8BC9CEB8-8B4A-11D0-8D11-00A0C91BC942}") = "1.6.2", "1.6.2\1.6.2.vcxproj", "{696078D8-ABEF-4FA9-A645-D7069276FFD2}"
EndProject
Project("{8BC9CEB8-8B4A-11D0-8D11-00A0C91BC942}") = "1.6.3", "1.6.3\1.6.3.vcxproj", "{B2F57282-19A8-4EB8-81AE-4C5EE76586C3}"
EndProject
Project("{8BC9CEB8-8B4A-11D0-8D11-00A0C91BC942}") = "1.6.4", "1.6.4\1.6.4.vcxproj", "{F79A1906-577B-40BF-8317-27D593C8F0E1}"
EndProject
Project("{8BC9CEB8-8B4A-11D0-8D11-00A0C91BC942}") = "1.6.5", "1.6.5\1.6.5.vcxproj", "{91C505E5-205B-4BA6-A183-13BAA18F93E1}"
EndProject
Project("{8BC9CEB8-8B4A-11D0-8D11-00A0C91BC942}") = "1.6.6", "1.6.6\1.6.6.vcxproj", "{308DA5EB-D20D-4E8D-808C-64BC09F46DB0}"
EndProject
Project("{8BC9CEB8-8B4A-11D0-8D11-00A0C91BC942}") = "1.6.7", "1.6.7\1.6.7.vcxproj", "{3E4F10CA-7D9D-4950-A9A3-11B085C6E9BD}"
EndProject
Project("{8BC9CEB8-8B4A-11D0-8D11-00A0C91BC942}") = "1.6.8", "1.6.8\1.6.8.vcxproj", "{F3F0D721-3862-4E76-BF8D-13892E831477}"
EndProject
Project("{8BC9CEB8-8B4A-11D0-8D11-00A0C91BC942}") = "2.8.1", "2.8.1\2.8.1.vcxproj", "{FCE4C757-485A-4D98-9561-D7E566CC0E9B}"
EndProject
Project("{8BC9CEB8-8B4A-11D0-8D11-00A0C91BC942}") = "2.8.2", "2.8.2\2.8.2.vcxproj", "{43193ED7-C0DA-4AE2-B22E-1B4D4DD9C8FE}"
EndProject
Project("{8BC9CEB8-8B4A-11D0-8D11-00A0C91BC942}") = "2.8.3", "2.8.3\2.8.3.vcxproj", "{CE0CF9DE-76A0-45A3-97CE-1752EA49EB78}"
EndProject
Project("{8BC9CEB8-8B4A-11D0-8D11-00A0C91BC942}") = "2.8.4", "2.8.4\2.8.4.vcxproj", "{39FC52BD-BCCC-4CB5-915E-8BC67B30886D}"
EndProject
Project("{8BC9CEB8-8B4A-11D0-8D11-00A0C91BC942}") = "2.8.5", "2.8.5\2.8.5.vcxproj", "{1F4069CE-9B50-402E-A651-38CAC0CB08D6}"
EndProject
Project("{8BC9CEB8-8B4A-11D0-8D11-00A0C91BC942}") = "2.8.6", "2.8.6\2.8.6.vcxproj", "{325D8069-DC6E-4B43-9374-9FA044670CD1}"
EndProject
Project("{8BC9CEB8-8B4A-11D0-8D11-00A0C91BC942}") = "2.8.7", "2.8.7\2.8.7.vcxproj", "{177BF4D2-E105-4355-8F65-A72B34CD46F7}"
EndProject
Global
	GlobalSection(SolutionConfigurationPlatforms) = preSolution
		Debug|Win32 = Debug|Win32
		Release|Win32 = Release|Win32
	EndGlobalSection
	GlobalSection(ProjectConfigurationPlatforms) = postSolution
		{67106EDC-2BB7-44B0-95B0-4184F5E66947}.Debug|Win32.ActiveCfg = Debug|Win32
		{67106EDC-2BB7-44B0-95B0-4184F5E66947}.Debug|Win32.Build.0 = Debug|Win32
		{67106EDC-2BB7-44B0-95B0-4184F5E66947}.Release|Win32.ActiveCfg = Release|Win32
		{67106EDC-2BB7-44B0-95B0-4184F5E66947}.Release|Win32.Build.0 = Release|Win32
		{696078D8-ABEF-4FA9-A645-D7069276FFD2}.Debug|Win32.ActiveCfg = Debug|Win32
		{696078D8-ABEF-4FA9-A645-D7069276FFD2}.Debug|Win32.Build.0 = Debug|Win32
		{696078D8-ABEF-4FA9-A645-D7069276FFD2}.Release|Win32.ActiveCfg = Release|Win32
		{696078D8-ABEF-4FA9-A645-D7069276FFD2}.Release|Win32.Build.0 = Release|Win32
		{B2F57282-19A8-4EB8-81AE-4C5EE76586C3}.Debug|Win32.ActiveCfg = Debug|Win32
		{B2F57282-19A8-4EB8-81AE-4C5EE76586C3}.Debug|Win32.Build.0 = Debug|Win32
		{B2F57282-19A8-4EB8-81AE-4C5EE76586C3}.Release|Win32.ActiveCfg = Release|Win32
		{B2F57282-19A8-4EB8-81AE-4C5EE76586C3}.Release|Win32.Build.0 = Release|Win32
		{F79A1906-577B-40BF-8317-27D593C8F0E1}.Debug|Win32.ActiveCfg = Debug|Win32
		{F79A1906-577B-40BF-8317-27D593C8F0E1}.Debug|Win32.Build.0 = Debug|Win32
		{F79A1906-577B-40BF-8317-27D593C8F0E1}.Release|Win32.ActiveCfg = Release|Win32
		{F79A1906-577B-40BF-8317-27D593C8F0E1}.Release|Win32.Build.0 = Release|Win32
		{91C505E5-205B-4BA6-A183-13BAA18F93E1}.Debug|Win32.ActiveCfg = Debug|Win32
		{91C505E5-205B-4BA6-A183-13BAA18F93E1}.Debug|Win32.Build.0 = Debug|Win32
		{91C505E5-205B-4BA6-A183-13BAA18F93E1}.Release|Win32.ActiveCfg = Release|Win32
		{91C505E5-205B-4BA6-A183-13BAA18F93E1}.Release|Win32.Build.0 = Release|Win32
		{308DA5EB-D20D-4E8D-808C-64BC09F46DB0}.Debug|Win32.ActiveCfg = Debug|Win32
		{308DA5EB-D20D-4E8D-808C-64BC09F46DB0}.Debug|Win32.Build.0 = Debug|Win32
		{308DA5EB-D20D-4E8D-808C-64BC09F46DB0}.Release|Win32.ActiveCfg = Release|Win32
		{308DA5EB-D20D-4E8D-808C-64BC09F46DB0}.Release|Win32.Build.0 = Release|Win32
		{3E4F10CA-7D9D-4950-A9A3-11B085C6E9BD}.Debug|Win32.ActiveCfg = Debug|Win32
		{3E4F10CA-7D9D-4950-A9A3-11B085C6E9BD}.Debug|Win32.Build.0 = Debug|Win32
		{3E4F10CA-7D9D-4950-A9A3-11B085C6E9BD}.Release|Win32.ActiveCfg = Release|Win32
		{3E4F10CA-7D9D-4950-A9A3-11B085C6E9BD}.Release|Win32.Build.0 = Release|Win32
		{F3F0D721-3862-4E76-BF8D-13892E831477}.Debug|Win32.ActiveCfg = Debug|Win32
		{F3F0D721-3862-4E76-BF8D-13892E831477}.Debug|Win32.Build.0 = Debug|Win32
		{F3F0D721-3862-4E76-BF8D-13892E831477}.Release|Win32.ActiveCfg = Release|Win32
		{F3F0D721-3862-4E76-BF8D-13892E831477}.Release|Win32.Build.0 = Release|Win32
		{FCE4C757-485A-4D98-9561-D7E566CC0E9B}.Debug|Win32.ActiveCfg = Debug|Win32
		{FCE4C757-485A-4D98-9561-D7E566CC0E9B}.Debug|Win32.Build.0 = Debug|Win32
		{FCE4C757-485A-4D98-9561-D7E566CC0E9B}.Release|Win32.ActiveCfg = Release|Win32
		{FCE4C757-485A-4D98-9561-D7E566CC0E9B}.Release|Win32.Build.0 = Release|Win32
		{43193ED7-C0DA-4AE2-B22E-1B4D4DD9C8FE}.Debug|Win32.ActiveCfg = Debug|Win32
		{43193ED7-C0DA-4AE2-B22E-1B4D4DD9C8FE}.Debug|Win32.Build.0 = Debug|Win32
		{43193ED7-C0DA-4AE2-B22E-1B4D4DD9C8FE}.Release|Win32.ActiveCfg = Release|Win32
		{43193ED7-C0DA-4AE2-B22E-1B4D4DD9C8FE}.Release|Win32.Build.0 = Release|Win32
		{CE0CF9DE-76A0-45A3-97CE-1752EA49EB78}.Debug|Win32.ActiveCfg = Debug|Win32
		{CE0CF9DE-76A0-45A3-97CE-1752EA49EB78}.Debug|Win32.Build.0 = Debug|Win32
		{CE0CF9DE-76A0-45A3-97CE-1752EA49EB78}.Release|Win32.ActiveCfg = Release|Win32
		{CE0CF9DE-76A0-45A3-97CE-1752EA49EB78}.Release|Win32.Build.0 = Release|Win32
		{39FC52BD-BCCC-4CB5-915E-8BC67B30886D}.Debug|Win32.ActiveCfg = Debug|Win32
		{39FC52BD-BCCC-4CB5-915E-8BC67B30886D}.Debug|Win32.Build.0 = Debug|Win32
		{39FC52BD-BCCC-4CB5-915E-8BC67B30886D}.Release|Win32.ActiveCfg = Release|Win32
		{39FC52BD-BCCC-4CB5-915E-8BC67B30886D}.Release|Win32.Build.0 = Release|Win32
		{1F4069CE-9B50-402E-A651-38CAC0CB08D6}.Debug|Win32.ActiveCfg = Debug|Win32
		{1F4069CE-9B50-402E-A651-38CAC0CB08D6}.Debug|Win32.Build.0 = Debug|Win32
		{1F4069CE-9B50-402E-A651-38CAC0CB08D6}.Release|Win32.ActiveCfg = Release|Win32
		{1F4069CE-9B50-402E-A651-38CAC0CB08D6}.Release|Win32.Build.0 = Release|Win32
		{325D8069-DC6E-4B43-9374-9FA044670CD1}.Debug|Win32.ActiveCfg = Debug|Win32
		{325D8069-DC6E-4B43-9374-9FA044670CD1}.Debug|Win32.Build.0 = Debug|Win32
		{325D8069-DC6E-4B43-9374-9FA044670CD1}.Release|Win32.ActiveCfg = Release|Win32
		{325D8069-DC6E-4B43-9374-9FA044670CD1}.Release|Win32.Build.0 = Release|Win32
		{177BF4D2-E105-4355-8F65-A72B34CD46F7}.Debug|Win32.ActiveCfg = Debug|Win32
		{177BF4D2-E105-4355-8F65-A72B34CD46F7}.Debug|Win32.Build.0 = Debug|Win32
		{177BF4D2-E105-4355-8F65-A72B34CD46F7}.Release|Win32.ActiveCfg = Release|Win32
		{177BF4D2-E105-4355-8F65-A72B34CD46F7}.Release|Win32.Build.0 = Release|Win32
	EndGlobalSection
	GlobalSection(SolutionProperties) = preSolution
		HideSolutionNode = FALSE
	EndGlobalSection
EndGlobal
